
Microsoft Visual Studio Solution File, Format Version 12.00
Project("{FAE04EC0-301F-11D3-BF4B-00C04F79EFBC}") = "MessengerWeb", "MessengerWeb\MessengerWeb.csproj", "{01EAB007-B61C-40C8-86B1-1768F9A681E1}"
EndProject
Project("{FAE04EC0-301F-11D3-BF4B-00C04F79EFBC}") = "Messenger.Users", "Messenger.Users\Messenger.Users.csproj", "{2255C8A4-2BA5-4525-B51E-9B3DF46205E7}"
EndProject
Project("{FAE04EC0-301F-11D3-BF4B-00C04F79EFBC}") = "Messenger.Infrastructure.Mongo", "Messenger.Infrastructure.Mongo\Messenger.Infrastructure.Mongo.csproj", "{4F05C0C5-63C5-4E83-9515-BC0C95451639}"
EndProject
Global
	GlobalSection(SolutionConfigurationPlatforms) = preSolution
		Debug|Any CPU = Debug|Any CPU
		Debug|x64 = Debug|x64
		Debug|x86 = Debug|x86
		Release|Any CPU = Release|Any CPU
		Release|x64 = Release|x64
		Release|x86 = Release|x86
	EndGlobalSection
	GlobalSection(ProjectConfigurationPlatforms) = postSolution
		{01EAB007-B61C-40C8-86B1-1768F9A681E1}.Debug|Any CPU.ActiveCfg = Debug|Any CPU
		{01EAB007-B61C-40C8-86B1-1768F9A681E1}.Debug|Any CPU.Build.0 = Debug|Any CPU
		{01EAB007-B61C-40C8-86B1-1768F9A681E1}.Debug|x64.ActiveCfg = Debug|Any CPU
		{01EAB007-B61C-40C8-86B1-1768F9A681E1}.Debug|x64.Build.0 = Debug|Any CPU
		{01EAB007-B61C-40C8-86B1-1768F9A681E1}.Debug|x86.ActiveCfg = Debug|Any CPU
		{01EAB007-B61C-40C8-86B1-1768F9A681E1}.Debug|x86.Build.0 = Debug|Any CPU
		{01EAB007-B61C-40C8-86B1-1768F9A681E1}.Release|Any CPU.ActiveCfg = Release|Any CPU
		{01EAB007-B61C-40C8-86B1-1768F9A681E1}.Release|Any CPU.Build.0 = Release|Any CPU
		{01EAB007-B61C-40C8-86B1-1768F9A681E1}.Release|x64.ActiveCfg = Release|Any CPU
		{01EAB007-B61C-40C8-86B1-1768F9A681E1}.Release|x64.Build.0 = Release|Any CPU
		{01EAB007-B61C-40C8-86B1-1768F9A681E1}.Release|x86.ActiveCfg = Release|Any CPU
		{01EAB007-B61C-40C8-86B1-1768F9A681E1}.Release|x86.Build.0 = Release|Any CPU
		{2255C8A4-2BA5-4525-B51E-9B3DF46205E7}.Debug|Any CPU.ActiveCfg = Debug|Any CPU
		{2255C8A4-2BA5-4525-B51E-9B3DF46205E7}.Debug|Any CPU.Build.0 = Debug|Any CPU
		{2255C8A4-2BA5-4525-B51E-9B3DF46205E7}.Debug|x64.ActiveCfg = Debug|Any CPU
		{2255C8A4-2BA5-4525-B51E-9B3DF46205E7}.Debug|x64.Build.0 = Debug|Any CPU
		{2255C8A4-2BA5-4525-B51E-9B3DF46205E7}.Debug|x86.ActiveCfg = Debug|Any CPU
		{2255C8A4-2BA5-4525-B51E-9B3DF46205E7}.Debug|x86.Build.0 = Debug|Any CPU
		{2255C8A4-2BA5-4525-B51E-9B3DF46205E7}.Release|Any CPU.ActiveCfg = Release|Any CPU
		{2255C8A4-2BA5-4525-B51E-9B3DF46205E7}.Release|Any CPU.Build.0 = Release|Any CPU
		{2255C8A4-2BA5-4525-B51E-9B3DF46205E7}.Release|x64.ActiveCfg = Release|Any CPU
		{2255C8A4-2BA5-4525-B51E-9B3DF46205E7}.Release|x64.Build.0 = Release|Any CPU
		{2255C8A4-2BA5-4525-B51E-9B3DF46205E7}.Release|x86.ActiveCfg = Release|Any CPU
		{2255C8A4-2BA5-4525-B51E-9B3DF46205E7}.Release|x86.Build.0 = Release|Any CPU
		{4F05C0C5-63C5-4E83-9515-BC0C95451639}.Debug|Any CPU.ActiveCfg = Debug|Any CPU
		{4F05C0C5-63C5-4E83-9515-BC0C95451639}.Debug|Any CPU.Build.0 = Debug|Any CPU
		{4F05C0C5-63C5-4E83-9515-BC0C95451639}.Debug|x64.ActiveCfg = Debug|Any CPU
		{4F05C0C5-63C5-4E83-9515-BC0C95451639}.Debug|x64.Build.0 = Debug|Any CPU
		{4F05C0C5-63C5-4E83-9515-BC0C95451639}.Debug|x86.ActiveCfg = Debug|Any CPU
		{4F05C0C5-63C5-4E83-9515-BC0C95451639}.Debug|x86.Build.0 = Debug|Any CPU
		{4F05C0C5-63C5-4E83-9515-BC0C95451639}.Release|Any CPU.ActiveCfg = Release|Any CPU
		{4F05C0C5-63C5-4E83-9515-BC0C95451639}.Release|Any CPU.Build.0 = Release|Any CPU
		{4F05C0C5-63C5-4E83-9515-BC0C95451639}.Release|x64.ActiveCfg = Release|Any CPU
		{4F05C0C5-63C5-4E83-9515-BC0C95451639}.Release|x64.Build.0 = Release|Any CPU
		{4F05C0C5-63C5-4E83-9515-BC0C95451639}.Release|x86.ActiveCfg = Release|Any CPU
		{4F05C0C5-63C5-4E83-9515-BC0C95451639}.Release|x86.Build.0 = Release|Any CPU
	EndGlobalSection
	GlobalSection(SolutionProperties) = preSolution
		HideSolutionNode = FALSE
	EndGlobalSection
EndGlobal
