
Microsoft Visual Studio Solution File, Format Version 12.00
Project("{FAE04EC0-301F-11D3-BF4B-00C04F79EFBC}") = "MessengerWeb", "MessengerWeb\MessengerWeb.csproj", "{01EAB007-B61C-40C8-86B1-1768F9A681E1}"
EndProject
Project("{FAE04EC0-301F-11D3-BF4B-00C04F79EFBC}") = "Messenger.Users", "Messenger.Users\Messenger.Users.csproj", "{2255C8A4-2BA5-4525-B51E-9B3DF46205E7}"
EndProject
Project("{FAE04EC0-301F-11D3-BF4B-00C04F79EFBC}") = "Messenger.Infrastructure.Mongo", "Messenger.Infrastructure.Mongo\Messenger.Infrastructure.Mongo.csproj", "{4F05C0C5-63C5-4E83-9515-BC0C95451639}"
EndProject
Project("{FAE04EC0-301F-11D3-BF4B-00C04F79EFBC}") = "Messenger.Users.Tests", "Messenger.Users.Tests\Messenger.Users.Tests.csproj", "{E264BC95-9C72-4E3C-9243-4C1BDB6F54B4}"
EndProject
Project("{FAE04EC0-301F-11D3-BF4B-00C04F79EFBC}") = "Messenger.Users.Contracts", "Messenger.Users.Contracts\Messenger.Users.Contracts.csproj", "{7F80060C-FFFE-4660-B583-F1E0CE873A83}"
EndProject
Project("{FAE04EC0-301F-11D3-BF4B-00C04F79EFBC}") = "Messenger.Chats", "Messenger.Chats\Messenger.Chats.csproj", "{B4C91213-DBD6-4428-AB03-3344B1625589}"
EndProject
Project("{FAE04EC0-301F-11D3-BF4B-00C04F79EFBC}") = "Messenger.Chats.Tests", "Messenger.Chats.Tests\Messenger.Chats.Tests.csproj", "{0174B819-8DED-4474-B518-D6B9A7FDA3D0}"
EndProject
Global
	GlobalSection(SolutionConfigurationPlatforms) = preSolution
		Debug|Any CPU = Debug|Any CPU
		Debug|x64 = Debug|x64
		Debug|x86 = Debug|x86
		Release|Any CPU = Release|Any CPU
		Release|x64 = Release|x64
		Release|x86 = Release|x86
	EndGlobalSection
	GlobalSection(ProjectConfigurationPlatforms) = postSolution
		{01EAB007-B61C-40C8-86B1-1768F9A681E1}.Debug|Any CPU.ActiveCfg = Debug|Any CPU
		{01EAB007-B61C-40C8-86B1-1768F9A681E1}.Debug|Any CPU.Build.0 = Debug|Any CPU
		{01EAB007-B61C-40C8-86B1-1768F9A681E1}.Debug|x64.ActiveCfg = Debug|Any CPU
		{01EAB007-B61C-40C8-86B1-1768F9A681E1}.Debug|x64.Build.0 = Debug|Any CPU
		{01EAB007-B61C-40C8-86B1-1768F9A681E1}.Debug|x86.ActiveCfg = Debug|Any CPU
		{01EAB007-B61C-40C8-86B1-1768F9A681E1}.Debug|x86.Build.0 = Debug|Any CPU
		{01EAB007-B61C-40C8-86B1-1768F9A681E1}.Release|Any CPU.ActiveCfg = Release|Any CPU
		{01EAB007-B61C-40C8-86B1-1768F9A681E1}.Release|Any CPU.Build.0 = Release|Any CPU
		{01EAB007-B61C-40C8-86B1-1768F9A681E1}.Release|x64.ActiveCfg = Release|Any CPU
		{01EAB007-B61C-40C8-86B1-1768F9A681E1}.Release|x64.Build.0 = Release|Any CPU
		{01EAB007-B61C-40C8-86B1-1768F9A681E1}.Release|x86.ActiveCfg = Release|Any CPU
		{01EAB007-B61C-40C8-86B1-1768F9A681E1}.Release|x86.Build.0 = Release|Any CPU
		{2255C8A4-2BA5-4525-B51E-9B3DF46205E7}.Debug|Any CPU.ActiveCfg = Debug|Any CPU
		{2255C8A4-2BA5-4525-B51E-9B3DF46205E7}.Debug|Any CPU.Build.0 = Debug|Any CPU
		{2255C8A4-2BA5-4525-B51E-9B3DF46205E7}.Debug|x64.ActiveCfg = Debug|Any CPU
		{2255C8A4-2BA5-4525-B51E-9B3DF46205E7}.Debug|x64.Build.0 = Debug|Any CPU
		{2255C8A4-2BA5-4525-B51E-9B3DF46205E7}.Debug|x86.ActiveCfg = Debug|Any CPU
		{2255C8A4-2BA5-4525-B51E-9B3DF46205E7}.Debug|x86.Build.0 = Debug|Any CPU
		{2255C8A4-2BA5-4525-B51E-9B3DF46205E7}.Release|Any CPU.ActiveCfg = Release|Any CPU
		{2255C8A4-2BA5-4525-B51E-9B3DF46205E7}.Release|Any CPU.Build.0 = Release|Any CPU
		{2255C8A4-2BA5-4525-B51E-9B3DF46205E7}.Release|x64.ActiveCfg = Release|Any CPU
		{2255C8A4-2BA5-4525-B51E-9B3DF46205E7}.Release|x64.Build.0 = Release|Any CPU
		{2255C8A4-2BA5-4525-B51E-9B3DF46205E7}.Release|x86.ActiveCfg = Release|Any CPU
		{2255C8A4-2BA5-4525-B51E-9B3DF46205E7}.Release|x86.Build.0 = Release|Any CPU
		{4F05C0C5-63C5-4E83-9515-BC0C95451639}.Debug|Any CPU.ActiveCfg = Debug|Any CPU
		{4F05C0C5-63C5-4E83-9515-BC0C95451639}.Debug|Any CPU.Build.0 = Debug|Any CPU
		{4F05C0C5-63C5-4E83-9515-BC0C95451639}.Debug|x64.ActiveCfg = Debug|Any CPU
		{4F05C0C5-63C5-4E83-9515-BC0C95451639}.Debug|x64.Build.0 = Debug|Any CPU
		{4F05C0C5-63C5-4E83-9515-BC0C95451639}.Debug|x86.ActiveCfg = Debug|Any CPU
		{4F05C0C5-63C5-4E83-9515-BC0C95451639}.Debug|x86.Build.0 = Debug|Any CPU
		{4F05C0C5-63C5-4E83-9515-BC0C95451639}.Release|Any CPU.ActiveCfg = Release|Any CPU
		{4F05C0C5-63C5-4E83-9515-BC0C95451639}.Release|Any CPU.Build.0 = Release|Any CPU
		{4F05C0C5-63C5-4E83-9515-BC0C95451639}.Release|x64.ActiveCfg = Release|Any CPU
		{4F05C0C5-63C5-4E83-9515-BC0C95451639}.Release|x64.Build.0 = Release|Any CPU
		{4F05C0C5-63C5-4E83-9515-BC0C95451639}.Release|x86.ActiveCfg = Release|Any CPU
		{4F05C0C5-63C5-4E83-9515-BC0C95451639}.Release|x86.Build.0 = Release|Any CPU
		{E264BC95-9C72-4E3C-9243-4C1BDB6F54B4}.Debug|Any CPU.ActiveCfg = Debug|Any CPU
		{E264BC95-9C72-4E3C-9243-4C1BDB6F54B4}.Debug|Any CPU.Build.0 = Debug|Any CPU
		{E264BC95-9C72-4E3C-9243-4C1BDB6F54B4}.Debug|x64.ActiveCfg = Debug|Any CPU
		{E264BC95-9C72-4E3C-9243-4C1BDB6F54B4}.Debug|x64.Build.0 = Debug|Any CPU
		{E264BC95-9C72-4E3C-9243-4C1BDB6F54B4}.Debug|x86.ActiveCfg = Debug|Any CPU
		{E264BC95-9C72-4E3C-9243-4C1BDB6F54B4}.Debug|x86.Build.0 = Debug|Any CPU
		{E264BC95-9C72-4E3C-9243-4C1BDB6F54B4}.Release|Any CPU.ActiveCfg = Release|Any CPU
		{E264BC95-9C72-4E3C-9243-4C1BDB6F54B4}.Release|Any CPU.Build.0 = Release|Any CPU
		{E264BC95-9C72-4E3C-9243-4C1BDB6F54B4}.Release|x64.ActiveCfg = Release|Any CPU
		{E264BC95-9C72-4E3C-9243-4C1BDB6F54B4}.Release|x64.Build.0 = Release|Any CPU
		{E264BC95-9C72-4E3C-9243-4C1BDB6F54B4}.Release|x86.ActiveCfg = Release|Any CPU
		{E264BC95-9C72-4E3C-9243-4C1BDB6F54B4}.Release|x86.Build.0 = Release|Any CPU
		{7F80060C-FFFE-4660-B583-F1E0CE873A83}.Debug|Any CPU.ActiveCfg = Debug|Any CPU
		{7F80060C-FFFE-4660-B583-F1E0CE873A83}.Debug|Any CPU.Build.0 = Debug|Any CPU
		{7F80060C-FFFE-4660-B583-F1E0CE873A83}.Debug|x64.ActiveCfg = Debug|Any CPU
		{7F80060C-FFFE-4660-B583-F1E0CE873A83}.Debug|x64.Build.0 = Debug|Any CPU
		{7F80060C-FFFE-4660-B583-F1E0CE873A83}.Debug|x86.ActiveCfg = Debug|Any CPU
		{7F80060C-FFFE-4660-B583-F1E0CE873A83}.Debug|x86.Build.0 = Debug|Any CPU
		{7F80060C-FFFE-4660-B583-F1E0CE873A83}.Release|Any CPU.ActiveCfg = Release|Any CPU
		{7F80060C-FFFE-4660-B583-F1E0CE873A83}.Release|Any CPU.Build.0 = Release|Any CPU
		{7F80060C-FFFE-4660-B583-F1E0CE873A83}.Release|x64.ActiveCfg = Release|Any CPU
		{7F80060C-FFFE-4660-B583-F1E0CE873A83}.Release|x64.Build.0 = Release|Any CPU
		{7F80060C-FFFE-4660-B583-F1E0CE873A83}.Release|x86.ActiveCfg = Release|Any CPU
		{7F80060C-FFFE-4660-B583-F1E0CE873A83}.Release|x86.Build.0 = Release|Any CPU
		{B4C91213-DBD6-4428-AB03-3344B1625589}.Debug|Any CPU.ActiveCfg = Debug|Any CPU
		{B4C91213-DBD6-4428-AB03-3344B1625589}.Debug|Any CPU.Build.0 = Debug|Any CPU
		{B4C91213-DBD6-4428-AB03-3344B1625589}.Debug|x64.ActiveCfg = Debug|Any CPU
		{B4C91213-DBD6-4428-AB03-3344B1625589}.Debug|x64.Build.0 = Debug|Any CPU
		{B4C91213-DBD6-4428-AB03-3344B1625589}.Debug|x86.ActiveCfg = Debug|Any CPU
		{B4C91213-DBD6-4428-AB03-3344B1625589}.Debug|x86.Build.0 = Debug|Any CPU
		{B4C91213-DBD6-4428-AB03-3344B1625589}.Release|Any CPU.ActiveCfg = Release|Any CPU
		{B4C91213-DBD6-4428-AB03-3344B1625589}.Release|Any CPU.Build.0 = Release|Any CPU
		{B4C91213-DBD6-4428-AB03-3344B1625589}.Release|x64.ActiveCfg = Release|Any CPU
		{B4C91213-DBD6-4428-AB03-3344B1625589}.Release|x64.Build.0 = Release|Any CPU
		{B4C91213-DBD6-4428-AB03-3344B1625589}.Release|x86.ActiveCfg = Release|Any CPU
		{B4C91213-DBD6-4428-AB03-3344B1625589}.Release|x86.Build.0 = Release|Any CPU
		{0174B819-8DED-4474-B518-D6B9A7FDA3D0}.Debug|Any CPU.ActiveCfg = Debug|Any CPU
		{0174B819-8DED-4474-B518-D6B9A7FDA3D0}.Debug|Any CPU.Build.0 = Debug|Any CPU
		{0174B819-8DED-4474-B518-D6B9A7FDA3D0}.Debug|x64.ActiveCfg = Debug|Any CPU
		{0174B819-8DED-4474-B518-D6B9A7FDA3D0}.Debug|x64.Build.0 = Debug|Any CPU
		{0174B819-8DED-4474-B518-D6B9A7FDA3D0}.Debug|x86.ActiveCfg = Debug|Any CPU
		{0174B819-8DED-4474-B518-D6B9A7FDA3D0}.Debug|x86.Build.0 = Debug|Any CPU
		{0174B819-8DED-4474-B518-D6B9A7FDA3D0}.Release|Any CPU.ActiveCfg = Release|Any CPU
		{0174B819-8DED-4474-B518-D6B9A7FDA3D0}.Release|Any CPU.Build.0 = Release|Any CPU
		{0174B819-8DED-4474-B518-D6B9A7FDA3D0}.Release|x64.ActiveCfg = Release|Any CPU
		{0174B819-8DED-4474-B518-D6B9A7FDA3D0}.Release|x64.Build.0 = Release|Any CPU
		{0174B819-8DED-4474-B518-D6B9A7FDA3D0}.Release|x86.ActiveCfg = Release|Any CPU
		{0174B819-8DED-4474-B518-D6B9A7FDA3D0}.Release|x86.Build.0 = Release|Any CPU
	EndGlobalSection
	GlobalSection(SolutionProperties) = preSolution
		HideSolutionNode = FALSE
	EndGlobalSection
EndGlobal
